
Microsoft Visual Studio Solution File, Format Version 12.00
# Visual Studio Version 16
VisualStudioVersion = 16.0.29311.281
MinimumVisualStudioVersion = 10.0.40219.1
Project("{FAE04EC0-301F-11D3-BF4B-00C04F79EFBC}") = "SSW.Consulting", "SSW.Consulting\SSW.Consulting.csproj", "{83107237-DA21-4947-8A03-0DBC48BA0A95}"
EndProject
Global
	GlobalSection(SolutionConfigurationPlatforms) = preSolution
		Debug|Any CPU = Debug|Any CPU
		Release|Any CPU = Release|Any CPU
	EndGlobalSection
	GlobalSection(ProjectConfigurationPlatforms) = postSolution
		{83107237-DA21-4947-8A03-0DBC48BA0A95}.Debug|Any CPU.ActiveCfg = Debug|Any CPU
		{83107237-DA21-4947-8A03-0DBC48BA0A95}.Debug|Any CPU.Build.0 = Debug|Any CPU
		{83107237-DA21-4947-8A03-0DBC48BA0A95}.Release|Any CPU.ActiveCfg = Release|Any CPU
		{83107237-DA21-4947-8A03-0DBC48BA0A95}.Release|Any CPU.Build.0 = Release|Any CPU
	EndGlobalSection
	GlobalSection(SolutionProperties) = preSolution
		HideSolutionNode = FALSE
	EndGlobalSection
	GlobalSection(ExtensibilityGlobals) = postSolution
		SolutionGuid = {D3492FEF-58F3-4087-A945-9F3C89B2C4EE}
	EndGlobalSection
EndGlobal
