
Microsoft Visual Studio Solution File, Format Version 12.00
# Visual Studio Version 17
VisualStudioVersion = 17.0.31903.59
MinimumVisualStudioVersion = 10.0.40219.1
Project("{9A19103F-16F7-4668-BE54-9A1E7A4F7556}") = "SSW.Rewards.Domain", "src\Domain\SSW.Rewards.Domain.csproj", "{C7E89A3E-A631-4760-8D61-BD1EAB1C4E69}"
EndProject
Project("{9A19103F-16F7-4668-BE54-9A1E7A4F7556}") = "SSW.Rewards.Application", "src\Application\SSW.Rewards.Application.csproj", "{34C0FACD-F3D9-400C-8945-554DD6B0819A}"
EndProject
Project("{9A19103F-16F7-4668-BE54-9A1E7A4F7556}") = "SSW.Rewards.Infrastructure", "src\Infrastructure\SSW.Rewards.Infrastructure.csproj", "{117DA02F-5274-4565-ACC6-DA9B6E568B09}"
EndProject
Project("{2150E333-8FDC-42A3-9474-1A3956D46DE8}") = "src", "src", "{6ED356A7-8B47-4613-AD01-C85CF28491BD}"
EndProject
Project("{2150E333-8FDC-42A3-9474-1A3956D46DE8}") = "tests", "tests", "{664D406C-2F83-48F0-BFC3-408D5CB53C65}"
EndProject
Project("{9A19103F-16F7-4668-BE54-9A1E7A4F7556}") = "Application.UnitTests", "tests\Application.UnitTests\Application.UnitTests.csproj", "{DEFF4009-1FAB-4392-80B6-707E2DC5C00B}"
EndProject
Project("{9A19103F-16F7-4668-BE54-9A1E7A4F7556}") = "Domain.UnitTests", "tests\Domain.UnitTests\Domain.UnitTests.csproj", "{DC37FD87-552C-4613-9F16-1537CA522898}"
EndProject
Project("{9A19103F-16F7-4668-BE54-9A1E7A4F7556}") = "Application.IntegrationTests", "tests\Application.IntegrationTests\Application.IntegrationTests.csproj", "{277029AF-D9E1-4B75-9F11-48FEA7345AD7}"
EndProject
Project("{9A19103F-16F7-4668-BE54-9A1E7A4F7556}") = "WebAPI", "src\WebAPI\WebAPI.csproj", "{22454EE9-16B3-4B7A-8352-37E59B858155}"
EndProject
Project("{2150E333-8FDC-42A3-9474-1A3956D46DE8}") = "Core", "Core", "{A87BBE09-C548-459A-92E6-2304EAE3A54D}"
EndProject
Project("{2150E333-8FDC-42A3-9474-1A3956D46DE8}") = "Infrastructure", "Infrastructure", "{A00FFB8A-A8B6-42F0-A934-6A69A9C2BD3B}"
EndProject
Project("{9A19103F-16F7-4668-BE54-9A1E7A4F7556}") = "Shared", "src\Shared\Shared.csproj", "{7CD5A0A8-D813-4447-8C22-0095AE6A8B0C}"
EndProject
Project("{2150E333-8FDC-42A3-9474-1A3956D46DE8}") = "Common", "Common", "{C34588D5-E10E-4ED1-83F3-77667B1F6B7C}"
EndProject
Project("{2150E333-8FDC-42A3-9474-1A3956D46DE8}") = "Presentation", "Presentation", "{20313C09-6738-402B-86A2-42B16736EFCD}"
EndProject
Project("{9A19103F-16F7-4668-BE54-9A1E7A4F7556}") = "FluentEmail.Graph", "src\FluentEmail.Graph\FluentEmail.Graph.csproj", "{F6E774BC-B951-4C70-BBF5-28BD608A75AE}"
EndProject
Project("{2150E333-8FDC-42A3-9474-1A3956D46DE8}") = "Technical Debt", "Technical Debt", "{0707752B-446C-4122-986E-0717A068568F}"
EndProject
Project("{9A19103F-16F7-4668-BE54-9A1E7A4F7556}") = "SSW.Rewards.Mobile", "src\MobileUI\SSW.Rewards.Mobile.csproj", "{714268C9-E4F5-419D-9EFD-B7E533BE50A9}"
EndProject
Global
	GlobalSection(SolutionConfigurationPlatforms) = preSolution
		Debug|Any CPU = Debug|Any CPU
		Debug|iPhone = Debug|iPhone
		Debug|iPhoneSimulator = Debug|iPhoneSimulator
		QA|Any CPU = QA|Any CPU
		QA|iPhone = QA|iPhone
		QA|iPhoneSimulator = QA|iPhoneSimulator
		Release|Any CPU = Release|Any CPU
		Release|iPhone = Release|iPhone
		Release|iPhoneSimulator = Release|iPhoneSimulator
	EndGlobalSection
	GlobalSection(ProjectConfigurationPlatforms) = postSolution
		{C7E89A3E-A631-4760-8D61-BD1EAB1C4E69}.Debug|Any CPU.ActiveCfg = Debug|Any CPU
		{C7E89A3E-A631-4760-8D61-BD1EAB1C4E69}.Debug|Any CPU.Build.0 = Debug|Any CPU
		{C7E89A3E-A631-4760-8D61-BD1EAB1C4E69}.Debug|iPhone.ActiveCfg = Debug|Any CPU
		{C7E89A3E-A631-4760-8D61-BD1EAB1C4E69}.Debug|iPhone.Build.0 = Debug|Any CPU
		{C7E89A3E-A631-4760-8D61-BD1EAB1C4E69}.Debug|iPhoneSimulator.ActiveCfg = Debug|Any CPU
		{C7E89A3E-A631-4760-8D61-BD1EAB1C4E69}.Debug|iPhoneSimulator.Build.0 = Debug|Any CPU
		{C7E89A3E-A631-4760-8D61-BD1EAB1C4E69}.QA|Any CPU.ActiveCfg = Release|Any CPU
		{C7E89A3E-A631-4760-8D61-BD1EAB1C4E69}.QA|Any CPU.Build.0 = Release|Any CPU
		{C7E89A3E-A631-4760-8D61-BD1EAB1C4E69}.QA|iPhone.ActiveCfg = Release|Any CPU
		{C7E89A3E-A631-4760-8D61-BD1EAB1C4E69}.QA|iPhone.Build.0 = Release|Any CPU
		{C7E89A3E-A631-4760-8D61-BD1EAB1C4E69}.QA|iPhoneSimulator.ActiveCfg = Release|Any CPU
		{C7E89A3E-A631-4760-8D61-BD1EAB1C4E69}.QA|iPhoneSimulator.Build.0 = Release|Any CPU
		{C7E89A3E-A631-4760-8D61-BD1EAB1C4E69}.Release|Any CPU.ActiveCfg = Release|Any CPU
		{C7E89A3E-A631-4760-8D61-BD1EAB1C4E69}.Release|Any CPU.Build.0 = Release|Any CPU
		{C7E89A3E-A631-4760-8D61-BD1EAB1C4E69}.Release|iPhone.ActiveCfg = Release|Any CPU
		{C7E89A3E-A631-4760-8D61-BD1EAB1C4E69}.Release|iPhone.Build.0 = Release|Any CPU
		{C7E89A3E-A631-4760-8D61-BD1EAB1C4E69}.Release|iPhoneSimulator.ActiveCfg = Release|Any CPU
		{C7E89A3E-A631-4760-8D61-BD1EAB1C4E69}.Release|iPhoneSimulator.Build.0 = Release|Any CPU
		{34C0FACD-F3D9-400C-8945-554DD6B0819A}.Debug|Any CPU.ActiveCfg = Debug|Any CPU
		{34C0FACD-F3D9-400C-8945-554DD6B0819A}.Debug|Any CPU.Build.0 = Debug|Any CPU
		{34C0FACD-F3D9-400C-8945-554DD6B0819A}.Debug|iPhone.ActiveCfg = Debug|Any CPU
		{34C0FACD-F3D9-400C-8945-554DD6B0819A}.Debug|iPhone.Build.0 = Debug|Any CPU
		{34C0FACD-F3D9-400C-8945-554DD6B0819A}.Debug|iPhoneSimulator.ActiveCfg = Debug|Any CPU
		{34C0FACD-F3D9-400C-8945-554DD6B0819A}.Debug|iPhoneSimulator.Build.0 = Debug|Any CPU
		{34C0FACD-F3D9-400C-8945-554DD6B0819A}.QA|Any CPU.ActiveCfg = Release|Any CPU
		{34C0FACD-F3D9-400C-8945-554DD6B0819A}.QA|Any CPU.Build.0 = Release|Any CPU
		{34C0FACD-F3D9-400C-8945-554DD6B0819A}.QA|iPhone.ActiveCfg = Release|Any CPU
		{34C0FACD-F3D9-400C-8945-554DD6B0819A}.QA|iPhone.Build.0 = Release|Any CPU
		{34C0FACD-F3D9-400C-8945-554DD6B0819A}.QA|iPhoneSimulator.ActiveCfg = Release|Any CPU
		{34C0FACD-F3D9-400C-8945-554DD6B0819A}.QA|iPhoneSimulator.Build.0 = Release|Any CPU
		{34C0FACD-F3D9-400C-8945-554DD6B0819A}.Release|Any CPU.ActiveCfg = Release|Any CPU
		{34C0FACD-F3D9-400C-8945-554DD6B0819A}.Release|Any CPU.Build.0 = Release|Any CPU
		{34C0FACD-F3D9-400C-8945-554DD6B0819A}.Release|iPhone.ActiveCfg = Release|Any CPU
		{34C0FACD-F3D9-400C-8945-554DD6B0819A}.Release|iPhone.Build.0 = Release|Any CPU
		{34C0FACD-F3D9-400C-8945-554DD6B0819A}.Release|iPhoneSimulator.ActiveCfg = Release|Any CPU
		{34C0FACD-F3D9-400C-8945-554DD6B0819A}.Release|iPhoneSimulator.Build.0 = Release|Any CPU
		{117DA02F-5274-4565-ACC6-DA9B6E568B09}.Debug|Any CPU.ActiveCfg = Debug|Any CPU
		{117DA02F-5274-4565-ACC6-DA9B6E568B09}.Debug|Any CPU.Build.0 = Debug|Any CPU
		{117DA02F-5274-4565-ACC6-DA9B6E568B09}.Debug|iPhone.ActiveCfg = Debug|Any CPU
		{117DA02F-5274-4565-ACC6-DA9B6E568B09}.Debug|iPhone.Build.0 = Debug|Any CPU
		{117DA02F-5274-4565-ACC6-DA9B6E568B09}.Debug|iPhoneSimulator.ActiveCfg = Debug|Any CPU
		{117DA02F-5274-4565-ACC6-DA9B6E568B09}.Debug|iPhoneSimulator.Build.0 = Debug|Any CPU
		{117DA02F-5274-4565-ACC6-DA9B6E568B09}.QA|Any CPU.ActiveCfg = Release|Any CPU
		{117DA02F-5274-4565-ACC6-DA9B6E568B09}.QA|Any CPU.Build.0 = Release|Any CPU
		{117DA02F-5274-4565-ACC6-DA9B6E568B09}.QA|iPhone.ActiveCfg = Release|Any CPU
		{117DA02F-5274-4565-ACC6-DA9B6E568B09}.QA|iPhone.Build.0 = Release|Any CPU
		{117DA02F-5274-4565-ACC6-DA9B6E568B09}.QA|iPhoneSimulator.ActiveCfg = Release|Any CPU
		{117DA02F-5274-4565-ACC6-DA9B6E568B09}.QA|iPhoneSimulator.Build.0 = Release|Any CPU
		{117DA02F-5274-4565-ACC6-DA9B6E568B09}.Release|Any CPU.ActiveCfg = Release|Any CPU
		{117DA02F-5274-4565-ACC6-DA9B6E568B09}.Release|Any CPU.Build.0 = Release|Any CPU
		{117DA02F-5274-4565-ACC6-DA9B6E568B09}.Release|iPhone.ActiveCfg = Release|Any CPU
		{117DA02F-5274-4565-ACC6-DA9B6E568B09}.Release|iPhone.Build.0 = Release|Any CPU
		{117DA02F-5274-4565-ACC6-DA9B6E568B09}.Release|iPhoneSimulator.ActiveCfg = Release|Any CPU
		{117DA02F-5274-4565-ACC6-DA9B6E568B09}.Release|iPhoneSimulator.Build.0 = Release|Any CPU
		{DEFF4009-1FAB-4392-80B6-707E2DC5C00B}.Debug|Any CPU.ActiveCfg = Debug|Any CPU
		{DEFF4009-1FAB-4392-80B6-707E2DC5C00B}.Debug|Any CPU.Build.0 = Debug|Any CPU
		{DEFF4009-1FAB-4392-80B6-707E2DC5C00B}.Debug|iPhone.ActiveCfg = Debug|Any CPU
		{DEFF4009-1FAB-4392-80B6-707E2DC5C00B}.Debug|iPhone.Build.0 = Debug|Any CPU
		{DEFF4009-1FAB-4392-80B6-707E2DC5C00B}.Debug|iPhoneSimulator.ActiveCfg = Debug|Any CPU
		{DEFF4009-1FAB-4392-80B6-707E2DC5C00B}.Debug|iPhoneSimulator.Build.0 = Debug|Any CPU
		{DEFF4009-1FAB-4392-80B6-707E2DC5C00B}.QA|Any CPU.ActiveCfg = Release|Any CPU
		{DEFF4009-1FAB-4392-80B6-707E2DC5C00B}.QA|Any CPU.Build.0 = Release|Any CPU
		{DEFF4009-1FAB-4392-80B6-707E2DC5C00B}.QA|iPhone.ActiveCfg = Release|Any CPU
		{DEFF4009-1FAB-4392-80B6-707E2DC5C00B}.QA|iPhone.Build.0 = Release|Any CPU
		{DEFF4009-1FAB-4392-80B6-707E2DC5C00B}.QA|iPhoneSimulator.ActiveCfg = Release|Any CPU
		{DEFF4009-1FAB-4392-80B6-707E2DC5C00B}.QA|iPhoneSimulator.Build.0 = Release|Any CPU
		{DEFF4009-1FAB-4392-80B6-707E2DC5C00B}.Release|Any CPU.ActiveCfg = Release|Any CPU
		{DEFF4009-1FAB-4392-80B6-707E2DC5C00B}.Release|Any CPU.Build.0 = Release|Any CPU
		{DEFF4009-1FAB-4392-80B6-707E2DC5C00B}.Release|iPhone.ActiveCfg = Release|Any CPU
		{DEFF4009-1FAB-4392-80B6-707E2DC5C00B}.Release|iPhone.Build.0 = Release|Any CPU
		{DEFF4009-1FAB-4392-80B6-707E2DC5C00B}.Release|iPhoneSimulator.ActiveCfg = Release|Any CPU
		{DEFF4009-1FAB-4392-80B6-707E2DC5C00B}.Release|iPhoneSimulator.Build.0 = Release|Any CPU
		{DC37FD87-552C-4613-9F16-1537CA522898}.Debug|Any CPU.ActiveCfg = Debug|Any CPU
		{DC37FD87-552C-4613-9F16-1537CA522898}.Debug|Any CPU.Build.0 = Debug|Any CPU
		{DC37FD87-552C-4613-9F16-1537CA522898}.Debug|iPhone.ActiveCfg = Debug|Any CPU
		{DC37FD87-552C-4613-9F16-1537CA522898}.Debug|iPhone.Build.0 = Debug|Any CPU
		{DC37FD87-552C-4613-9F16-1537CA522898}.Debug|iPhoneSimulator.ActiveCfg = Debug|Any CPU
		{DC37FD87-552C-4613-9F16-1537CA522898}.Debug|iPhoneSimulator.Build.0 = Debug|Any CPU
		{DC37FD87-552C-4613-9F16-1537CA522898}.QA|Any CPU.ActiveCfg = Release|Any CPU
		{DC37FD87-552C-4613-9F16-1537CA522898}.QA|Any CPU.Build.0 = Release|Any CPU
		{DC37FD87-552C-4613-9F16-1537CA522898}.QA|iPhone.ActiveCfg = Release|Any CPU
		{DC37FD87-552C-4613-9F16-1537CA522898}.QA|iPhone.Build.0 = Release|Any CPU
		{DC37FD87-552C-4613-9F16-1537CA522898}.QA|iPhoneSimulator.ActiveCfg = Release|Any CPU
		{DC37FD87-552C-4613-9F16-1537CA522898}.QA|iPhoneSimulator.Build.0 = Release|Any CPU
		{DC37FD87-552C-4613-9F16-1537CA522898}.Release|Any CPU.ActiveCfg = Release|Any CPU
		{DC37FD87-552C-4613-9F16-1537CA522898}.Release|Any CPU.Build.0 = Release|Any CPU
		{DC37FD87-552C-4613-9F16-1537CA522898}.Release|iPhone.ActiveCfg = Release|Any CPU
		{DC37FD87-552C-4613-9F16-1537CA522898}.Release|iPhone.Build.0 = Release|Any CPU
		{DC37FD87-552C-4613-9F16-1537CA522898}.Release|iPhoneSimulator.ActiveCfg = Release|Any CPU
		{DC37FD87-552C-4613-9F16-1537CA522898}.Release|iPhoneSimulator.Build.0 = Release|Any CPU
		{277029AF-D9E1-4B75-9F11-48FEA7345AD7}.Debug|Any CPU.ActiveCfg = Debug|Any CPU
		{277029AF-D9E1-4B75-9F11-48FEA7345AD7}.Debug|Any CPU.Build.0 = Debug|Any CPU
		{277029AF-D9E1-4B75-9F11-48FEA7345AD7}.Debug|iPhone.ActiveCfg = Debug|Any CPU
		{277029AF-D9E1-4B75-9F11-48FEA7345AD7}.Debug|iPhone.Build.0 = Debug|Any CPU
		{277029AF-D9E1-4B75-9F11-48FEA7345AD7}.Debug|iPhoneSimulator.ActiveCfg = Debug|Any CPU
		{277029AF-D9E1-4B75-9F11-48FEA7345AD7}.Debug|iPhoneSimulator.Build.0 = Debug|Any CPU
		{277029AF-D9E1-4B75-9F11-48FEA7345AD7}.QA|Any CPU.ActiveCfg = Release|Any CPU
		{277029AF-D9E1-4B75-9F11-48FEA7345AD7}.QA|Any CPU.Build.0 = Release|Any CPU
		{277029AF-D9E1-4B75-9F11-48FEA7345AD7}.QA|iPhone.ActiveCfg = Release|Any CPU
		{277029AF-D9E1-4B75-9F11-48FEA7345AD7}.QA|iPhone.Build.0 = Release|Any CPU
		{277029AF-D9E1-4B75-9F11-48FEA7345AD7}.QA|iPhoneSimulator.ActiveCfg = Release|Any CPU
		{277029AF-D9E1-4B75-9F11-48FEA7345AD7}.QA|iPhoneSimulator.Build.0 = Release|Any CPU
		{277029AF-D9E1-4B75-9F11-48FEA7345AD7}.Release|Any CPU.ActiveCfg = Release|Any CPU
		{277029AF-D9E1-4B75-9F11-48FEA7345AD7}.Release|Any CPU.Build.0 = Release|Any CPU
		{277029AF-D9E1-4B75-9F11-48FEA7345AD7}.Release|iPhone.ActiveCfg = Release|Any CPU
		{277029AF-D9E1-4B75-9F11-48FEA7345AD7}.Release|iPhone.Build.0 = Release|Any CPU
		{277029AF-D9E1-4B75-9F11-48FEA7345AD7}.Release|iPhoneSimulator.ActiveCfg = Release|Any CPU
		{277029AF-D9E1-4B75-9F11-48FEA7345AD7}.Release|iPhoneSimulator.Build.0 = Release|Any CPU
		{22454EE9-16B3-4B7A-8352-37E59B858155}.Debug|Any CPU.ActiveCfg = Debug|Any CPU
		{22454EE9-16B3-4B7A-8352-37E59B858155}.Debug|Any CPU.Build.0 = Debug|Any CPU
		{22454EE9-16B3-4B7A-8352-37E59B858155}.Debug|iPhone.ActiveCfg = Debug|Any CPU
		{22454EE9-16B3-4B7A-8352-37E59B858155}.Debug|iPhone.Build.0 = Debug|Any CPU
		{22454EE9-16B3-4B7A-8352-37E59B858155}.Debug|iPhoneSimulator.ActiveCfg = Debug|Any CPU
		{22454EE9-16B3-4B7A-8352-37E59B858155}.Debug|iPhoneSimulator.Build.0 = Debug|Any CPU
		{22454EE9-16B3-4B7A-8352-37E59B858155}.QA|Any CPU.ActiveCfg = Release|Any CPU
		{22454EE9-16B3-4B7A-8352-37E59B858155}.QA|Any CPU.Build.0 = Release|Any CPU
		{22454EE9-16B3-4B7A-8352-37E59B858155}.QA|iPhone.ActiveCfg = Release|Any CPU
		{22454EE9-16B3-4B7A-8352-37E59B858155}.QA|iPhone.Build.0 = Release|Any CPU
		{22454EE9-16B3-4B7A-8352-37E59B858155}.QA|iPhoneSimulator.ActiveCfg = Release|Any CPU
		{22454EE9-16B3-4B7A-8352-37E59B858155}.QA|iPhoneSimulator.Build.0 = Release|Any CPU
		{22454EE9-16B3-4B7A-8352-37E59B858155}.Release|Any CPU.ActiveCfg = Release|Any CPU
		{22454EE9-16B3-4B7A-8352-37E59B858155}.Release|Any CPU.Build.0 = Release|Any CPU
		{22454EE9-16B3-4B7A-8352-37E59B858155}.Release|iPhone.ActiveCfg = Release|Any CPU
		{22454EE9-16B3-4B7A-8352-37E59B858155}.Release|iPhone.Build.0 = Release|Any CPU
		{22454EE9-16B3-4B7A-8352-37E59B858155}.Release|iPhoneSimulator.ActiveCfg = Release|Any CPU
		{22454EE9-16B3-4B7A-8352-37E59B858155}.Release|iPhoneSimulator.Build.0 = Release|Any CPU
		{7CD5A0A8-D813-4447-8C22-0095AE6A8B0C}.Debug|Any CPU.ActiveCfg = Debug|Any CPU
		{7CD5A0A8-D813-4447-8C22-0095AE6A8B0C}.Debug|Any CPU.Build.0 = Debug|Any CPU
		{7CD5A0A8-D813-4447-8C22-0095AE6A8B0C}.Debug|iPhone.ActiveCfg = Debug|Any CPU
		{7CD5A0A8-D813-4447-8C22-0095AE6A8B0C}.Debug|iPhone.Build.0 = Debug|Any CPU
		{7CD5A0A8-D813-4447-8C22-0095AE6A8B0C}.Debug|iPhoneSimulator.ActiveCfg = Debug|Any CPU
		{7CD5A0A8-D813-4447-8C22-0095AE6A8B0C}.Debug|iPhoneSimulator.Build.0 = Debug|Any CPU
		{7CD5A0A8-D813-4447-8C22-0095AE6A8B0C}.QA|Any CPU.ActiveCfg = Release|Any CPU
		{7CD5A0A8-D813-4447-8C22-0095AE6A8B0C}.QA|Any CPU.Build.0 = Release|Any CPU
		{7CD5A0A8-D813-4447-8C22-0095AE6A8B0C}.QA|iPhone.ActiveCfg = Release|Any CPU
		{7CD5A0A8-D813-4447-8C22-0095AE6A8B0C}.QA|iPhone.Build.0 = Release|Any CPU
		{7CD5A0A8-D813-4447-8C22-0095AE6A8B0C}.QA|iPhoneSimulator.ActiveCfg = Release|Any CPU
		{7CD5A0A8-D813-4447-8C22-0095AE6A8B0C}.QA|iPhoneSimulator.Build.0 = Release|Any CPU
		{7CD5A0A8-D813-4447-8C22-0095AE6A8B0C}.Release|Any CPU.ActiveCfg = Release|Any CPU
		{7CD5A0A8-D813-4447-8C22-0095AE6A8B0C}.Release|Any CPU.Build.0 = Release|Any CPU
		{7CD5A0A8-D813-4447-8C22-0095AE6A8B0C}.Release|iPhone.ActiveCfg = Release|Any CPU
		{7CD5A0A8-D813-4447-8C22-0095AE6A8B0C}.Release|iPhone.Build.0 = Release|Any CPU
		{7CD5A0A8-D813-4447-8C22-0095AE6A8B0C}.Release|iPhoneSimulator.ActiveCfg = Release|Any CPU
		{7CD5A0A8-D813-4447-8C22-0095AE6A8B0C}.Release|iPhoneSimulator.Build.0 = Release|Any CPU
		{F6E774BC-B951-4C70-BBF5-28BD608A75AE}.Debug|Any CPU.ActiveCfg = Debug|Any CPU
		{F6E774BC-B951-4C70-BBF5-28BD608A75AE}.Debug|Any CPU.Build.0 = Debug|Any CPU
		{F6E774BC-B951-4C70-BBF5-28BD608A75AE}.Debug|iPhone.ActiveCfg = Debug|Any CPU
		{F6E774BC-B951-4C70-BBF5-28BD608A75AE}.Debug|iPhone.Build.0 = Debug|Any CPU
		{F6E774BC-B951-4C70-BBF5-28BD608A75AE}.Debug|iPhoneSimulator.ActiveCfg = Debug|Any CPU
		{F6E774BC-B951-4C70-BBF5-28BD608A75AE}.Debug|iPhoneSimulator.Build.0 = Debug|Any CPU
		{F6E774BC-B951-4C70-BBF5-28BD608A75AE}.QA|Any CPU.ActiveCfg = Release|Any CPU
		{F6E774BC-B951-4C70-BBF5-28BD608A75AE}.QA|Any CPU.Build.0 = Release|Any CPU
		{F6E774BC-B951-4C70-BBF5-28BD608A75AE}.QA|iPhone.ActiveCfg = Release|Any CPU
		{F6E774BC-B951-4C70-BBF5-28BD608A75AE}.QA|iPhone.Build.0 = Release|Any CPU
		{F6E774BC-B951-4C70-BBF5-28BD608A75AE}.QA|iPhoneSimulator.ActiveCfg = Release|Any CPU
		{F6E774BC-B951-4C70-BBF5-28BD608A75AE}.QA|iPhoneSimulator.Build.0 = Release|Any CPU
		{F6E774BC-B951-4C70-BBF5-28BD608A75AE}.Release|Any CPU.ActiveCfg = Release|Any CPU
		{F6E774BC-B951-4C70-BBF5-28BD608A75AE}.Release|Any CPU.Build.0 = Release|Any CPU
		{F6E774BC-B951-4C70-BBF5-28BD608A75AE}.Release|iPhone.ActiveCfg = Release|Any CPU
		{F6E774BC-B951-4C70-BBF5-28BD608A75AE}.Release|iPhone.Build.0 = Release|Any CPU
		{F6E774BC-B951-4C70-BBF5-28BD608A75AE}.Release|iPhoneSimulator.ActiveCfg = Release|Any CPU
		{F6E774BC-B951-4C70-BBF5-28BD608A75AE}.Release|iPhoneSimulator.Build.0 = Release|Any CPU
		{714268C9-E4F5-419D-9EFD-B7E533BE50A9}.Debug|Any CPU.ActiveCfg = Debug|Any CPU
		{714268C9-E4F5-419D-9EFD-B7E533BE50A9}.Debug|Any CPU.Build.0 = Debug|Any CPU
		{714268C9-E4F5-419D-9EFD-B7E533BE50A9}.Debug|Any CPU.Deploy.0 = Debug|Any CPU
		{714268C9-E4F5-419D-9EFD-B7E533BE50A9}.Debug|iPhone.ActiveCfg = Debug|Any CPU
		{714268C9-E4F5-419D-9EFD-B7E533BE50A9}.Debug|iPhone.Build.0 = Debug|Any CPU
		{714268C9-E4F5-419D-9EFD-B7E533BE50A9}.Debug|iPhone.Deploy.0 = Debug|Any CPU
		{714268C9-E4F5-419D-9EFD-B7E533BE50A9}.Debug|iPhoneSimulator.ActiveCfg = Debug|Any CPU
		{714268C9-E4F5-419D-9EFD-B7E533BE50A9}.Debug|iPhoneSimulator.Build.0 = Debug|Any CPU
		{714268C9-E4F5-419D-9EFD-B7E533BE50A9}.Debug|iPhoneSimulator.Deploy.0 = Debug|Any CPU
		{714268C9-E4F5-419D-9EFD-B7E533BE50A9}.QA|Any CPU.ActiveCfg = Debug|Any CPU
		{714268C9-E4F5-419D-9EFD-B7E533BE50A9}.QA|Any CPU.Build.0 = Debug|Any CPU
		{714268C9-E4F5-419D-9EFD-B7E533BE50A9}.QA|Any CPU.Deploy.0 = Debug|Any CPU
		{714268C9-E4F5-419D-9EFD-B7E533BE50A9}.QA|iPhone.ActiveCfg = Debug|Any CPU
		{714268C9-E4F5-419D-9EFD-B7E533BE50A9}.QA|iPhone.Build.0 = Debug|Any CPU
		{714268C9-E4F5-419D-9EFD-B7E533BE50A9}.QA|iPhone.Deploy.0 = Debug|Any CPU
		{714268C9-E4F5-419D-9EFD-B7E533BE50A9}.QA|iPhoneSimulator.ActiveCfg = Debug|Any CPU
		{714268C9-E4F5-419D-9EFD-B7E533BE50A9}.QA|iPhoneSimulator.Build.0 = Debug|Any CPU
		{714268C9-E4F5-419D-9EFD-B7E533BE50A9}.QA|iPhoneSimulator.Deploy.0 = Debug|Any CPU
		{714268C9-E4F5-419D-9EFD-B7E533BE50A9}.Release|Any CPU.ActiveCfg = Release|Any CPU
		{714268C9-E4F5-419D-9EFD-B7E533BE50A9}.Release|Any CPU.Build.0 = Release|Any CPU
		{714268C9-E4F5-419D-9EFD-B7E533BE50A9}.Release|Any CPU.Deploy.0 = Release|Any CPU
		{714268C9-E4F5-419D-9EFD-B7E533BE50A9}.Release|iPhone.ActiveCfg = Release|Any CPU
		{714268C9-E4F5-419D-9EFD-B7E533BE50A9}.Release|iPhone.Build.0 = Release|Any CPU
		{714268C9-E4F5-419D-9EFD-B7E533BE50A9}.Release|iPhone.Deploy.0 = Release|Any CPU
		{714268C9-E4F5-419D-9EFD-B7E533BE50A9}.Release|iPhoneSimulator.ActiveCfg = Release|Any CPU
		{714268C9-E4F5-419D-9EFD-B7E533BE50A9}.Release|iPhoneSimulator.Build.0 = Release|Any CPU
		{714268C9-E4F5-419D-9EFD-B7E533BE50A9}.Release|iPhoneSimulator.Deploy.0 = Release|Any CPU
	EndGlobalSection
	GlobalSection(SolutionProperties) = preSolution
		HideSolutionNode = FALSE
	EndGlobalSection
	GlobalSection(NestedProjects) = preSolution
		{C7E89A3E-A631-4760-8D61-BD1EAB1C4E69} = {A87BBE09-C548-459A-92E6-2304EAE3A54D}
		{34C0FACD-F3D9-400C-8945-554DD6B0819A} = {A87BBE09-C548-459A-92E6-2304EAE3A54D}
		{117DA02F-5274-4565-ACC6-DA9B6E568B09} = {A00FFB8A-A8B6-42F0-A934-6A69A9C2BD3B}
		{DEFF4009-1FAB-4392-80B6-707E2DC5C00B} = {664D406C-2F83-48F0-BFC3-408D5CB53C65}
		{DC37FD87-552C-4613-9F16-1537CA522898} = {664D406C-2F83-48F0-BFC3-408D5CB53C65}
		{277029AF-D9E1-4B75-9F11-48FEA7345AD7} = {664D406C-2F83-48F0-BFC3-408D5CB53C65}
		{22454EE9-16B3-4B7A-8352-37E59B858155} = {20313C09-6738-402B-86A2-42B16736EFCD}
		{A87BBE09-C548-459A-92E6-2304EAE3A54D} = {6ED356A7-8B47-4613-AD01-C85CF28491BD}
		{A00FFB8A-A8B6-42F0-A934-6A69A9C2BD3B} = {6ED356A7-8B47-4613-AD01-C85CF28491BD}
		{7CD5A0A8-D813-4447-8C22-0095AE6A8B0C} = {C34588D5-E10E-4ED1-83F3-77667B1F6B7C}
		{C34588D5-E10E-4ED1-83F3-77667B1F6B7C} = {6ED356A7-8B47-4613-AD01-C85CF28491BD}
		{20313C09-6738-402B-86A2-42B16736EFCD} = {6ED356A7-8B47-4613-AD01-C85CF28491BD}
		{F6E774BC-B951-4C70-BBF5-28BD608A75AE} = {0707752B-446C-4122-986E-0717A068568F}
		{714268C9-E4F5-419D-9EFD-B7E533BE50A9} = {20313C09-6738-402B-86A2-42B16736EFCD}
	EndGlobalSection
	GlobalSection(ExtensibilityGlobals) = postSolution
		SolutionGuid = {3CB609D9-5D54-4C11-A371-DAAC8B74E430}
	EndGlobalSection
	GlobalSection(MonoDevelopProperties) = preSolution
		Policies = $0
		$0.DotNetNamingPolicy = $1
		$1.DirectoryNamespaceAssociation = PrefixedHierarchical
		$0.StandardHeader = $2
		$0.VersionControlPolicy = $3
		{C7E89A3E-A631-4760-8D61-BD1EAB1C4E69} = {A87BBE09-C548-459A-92E6-2304EAE3A54D}
		{34C0FACD-F3D9-400C-8945-554DD6B0819A} = {A87BBE09-C548-459A-92E6-2304EAE3A54D}
		{117DA02F-5274-4565-ACC6-DA9B6E568B09} = {A00FFB8A-A8B6-42F0-A934-6A69A9C2BD3B}
		{DEFF4009-1FAB-4392-80B6-707E2DC5C00B} = {664D406C-2F83-48F0-BFC3-408D5CB53C65}
		{DC37FD87-552C-4613-9F16-1537CA522898} = {664D406C-2F83-48F0-BFC3-408D5CB53C65}
		{277029AF-D9E1-4B75-9F11-48FEA7345AD7} = {664D406C-2F83-48F0-BFC3-408D5CB53C65}
		{22454EE9-16B3-4B7A-8352-37E59B858155} = {20313C09-6738-402B-86A2-42B16736EFCD}
		{A87BBE09-C548-459A-92E6-2304EAE3A54D} = {6ED356A7-8B47-4613-AD01-C85CF28491BD}
		{A00FFB8A-A8B6-42F0-A934-6A69A9C2BD3B} = {6ED356A7-8B47-4613-AD01-C85CF28491BD}
		{7CD5A0A8-D813-4447-8C22-0095AE6A8B0C} = {C34588D5-E10E-4ED1-83F3-77667B1F6B7C}
		{C34588D5-E10E-4ED1-83F3-77667B1F6B7C} = {6ED356A7-8B47-4613-AD01-C85CF28491BD}
		{20313C09-6738-402B-86A2-42B16736EFCD} = {6ED356A7-8B47-4613-AD01-C85CF28491BD}
		{F6E774BC-B951-4C70-BBF5-28BD608A75AE} = {0707752B-446C-4122-986E-0717A068568F}
	EndGlobalSection
EndGlobal
