
Microsoft Visual Studio Solution File, Format Version 12.00
# Visual Studio Version 17
VisualStudioVersion = 17.3.32519.111
MinimumVisualStudioVersion = 10.0.40219.1
Project("{FAE04EC0-301F-11D3-BF4B-00C04F79EFBC}") = "MobileUI", "src\Presentation\UI\MobileUI\MobileUI.csproj", "{B98A315F-FDC2-489E-A8E5-94757CF3DD9F}"
EndProject
Project("{2150E333-8FDC-42A3-9474-1A3956D46DE8}") = "src", "src", "{5AE06A88-6214-44F7-970C-B5B4404CB87B}"
EndProject
Project("{2150E333-8FDC-42A3-9474-1A3956D46DE8}") = "Common", "Common", "{4659C30D-5363-4744-B253-3C3A9BFEBA67}"
EndProject
Project("{2150E333-8FDC-42A3-9474-1A3956D46DE8}") = "Core", "Core", "{06FD60A8-2315-48F4-9154-8DA6AA373ACF}"
EndProject
Project("{2150E333-8FDC-42A3-9474-1A3956D46DE8}") = "Presentation", "Presentation", "{BD6B06B3-B9B4-46F4-8529-0E8E04958510}"
EndProject
Project("{2150E333-8FDC-42A3-9474-1A3956D46DE8}") = "Infrastructure", "Infrastructure", "{82D4A856-7D3D-492D-97CA-339FE2A99F43}"
EndProject
Project("{2150E333-8FDC-42A3-9474-1A3956D46DE8}") = "UI", "UI", "{FFF0B010-D58B-4338-BBBD-349C36667821}"
EndProject
Project("{2150E333-8FDC-42A3-9474-1A3956D46DE8}") = "tests", "tests", "{BB3EDDEF-6959-49C4-AA14-D1466CF0902C}"
EndProject
Project("{FAE04EC0-301F-11D3-BF4B-00C04F79EFBC}") = "SSW.Rewards.Infrastructure", "src\Infrastructure\SSW.Rewards.Infrastructure.csproj", "{F3965B14-5A93-4AE9-B60F-85336637D031}"
EndProject
Global
	GlobalSection(SolutionConfigurationPlatforms) = preSolution
		Debug|Any CPU = Debug|Any CPU
		Debug|iPhone = Debug|iPhone
		Debug|iPhoneSimulator = Debug|iPhoneSimulator
		QA|Any CPU = QA|Any CPU
		QA|iPhone = QA|iPhone
		QA|iPhoneSimulator = QA|iPhoneSimulator
		Release|Any CPU = Release|Any CPU
		Release|iPhone = Release|iPhone
		Release|iPhoneSimulator = Release|iPhoneSimulator
	EndGlobalSection
	GlobalSection(ProjectConfigurationPlatforms) = postSolution
		{F8A628B3-BE34-4940-B77D-0644BCAE9827}.Debug|Any CPU.ActiveCfg = Debug|Any CPU
		{F8A628B3-BE34-4940-B77D-0644BCAE9827}.Debug|Any CPU.Build.0 = Debug|Any CPU
		{F8A628B3-BE34-4940-B77D-0644BCAE9827}.Debug|Any CPU.Deploy.0 = Debug|Any CPU
		{F8A628B3-BE34-4940-B77D-0644BCAE9827}.Debug|iPhone.ActiveCfg = Debug|Any CPU
		{F8A628B3-BE34-4940-B77D-0644BCAE9827}.Debug|iPhone.Build.0 = Debug|Any CPU
		{F8A628B3-BE34-4940-B77D-0644BCAE9827}.Debug|iPhone.Deploy.0 = Debug|Any CPU
		{F8A628B3-BE34-4940-B77D-0644BCAE9827}.Debug|iPhoneSimulator.ActiveCfg = Debug|Any CPU
		{F8A628B3-BE34-4940-B77D-0644BCAE9827}.Debug|iPhoneSimulator.Build.0 = Debug|Any CPU
		{F8A628B3-BE34-4940-B77D-0644BCAE9827}.Debug|iPhoneSimulator.Deploy.0 = Debug|Any CPU
		{F8A628B3-BE34-4940-B77D-0644BCAE9827}.QA|Any CPU.ActiveCfg = QA|Any CPU
		{F8A628B3-BE34-4940-B77D-0644BCAE9827}.QA|Any CPU.Build.0 = QA|Any CPU
		{F8A628B3-BE34-4940-B77D-0644BCAE9827}.QA|Any CPU.Deploy.0 = QA|Any CPU
		{F8A628B3-BE34-4940-B77D-0644BCAE9827}.QA|iPhone.ActiveCfg = QA|Any CPU
		{F8A628B3-BE34-4940-B77D-0644BCAE9827}.QA|iPhone.Build.0 = QA|Any CPU
		{F8A628B3-BE34-4940-B77D-0644BCAE9827}.QA|iPhone.Deploy.0 = QA|Any CPU
		{F8A628B3-BE34-4940-B77D-0644BCAE9827}.QA|iPhoneSimulator.ActiveCfg = QA|Any CPU
		{F8A628B3-BE34-4940-B77D-0644BCAE9827}.QA|iPhoneSimulator.Build.0 = QA|Any CPU
		{F8A628B3-BE34-4940-B77D-0644BCAE9827}.QA|iPhoneSimulator.Deploy.0 = QA|Any CPU
		{F8A628B3-BE34-4940-B77D-0644BCAE9827}.Release|Any CPU.ActiveCfg = Release|Any CPU
		{F8A628B3-BE34-4940-B77D-0644BCAE9827}.Release|Any CPU.Build.0 = Release|Any CPU
		{F8A628B3-BE34-4940-B77D-0644BCAE9827}.Release|Any CPU.Deploy.0 = Release|Any CPU
		{F8A628B3-BE34-4940-B77D-0644BCAE9827}.Release|iPhone.ActiveCfg = Release|Any CPU
		{F8A628B3-BE34-4940-B77D-0644BCAE9827}.Release|iPhone.Build.0 = Release|Any CPU
		{F8A628B3-BE34-4940-B77D-0644BCAE9827}.Release|iPhone.Deploy.0 = Release|Any CPU
		{F8A628B3-BE34-4940-B77D-0644BCAE9827}.Release|iPhoneSimulator.ActiveCfg = Release|Any CPU
		{F8A628B3-BE34-4940-B77D-0644BCAE9827}.Release|iPhoneSimulator.Build.0 = Release|Any CPU
		{F8A628B3-BE34-4940-B77D-0644BCAE9827}.Release|iPhoneSimulator.Deploy.0 = Release|Any CPU
		{3EFE7A23-45C2-40AF-BC97-7E67EDA5614A}.Debug|Any CPU.ActiveCfg = Debug|iPhoneSimulator
		{3EFE7A23-45C2-40AF-BC97-7E67EDA5614A}.Debug|Any CPU.Build.0 = Debug|iPhoneSimulator
		{3EFE7A23-45C2-40AF-BC97-7E67EDA5614A}.Debug|Any CPU.Deploy.0 = Debug|iPhoneSimulator
		{3EFE7A23-45C2-40AF-BC97-7E67EDA5614A}.Debug|iPhone.ActiveCfg = Debug|iPhone
		{3EFE7A23-45C2-40AF-BC97-7E67EDA5614A}.Debug|iPhone.Build.0 = Debug|iPhone
		{3EFE7A23-45C2-40AF-BC97-7E67EDA5614A}.Debug|iPhone.Deploy.0 = Debug|iPhone
		{3EFE7A23-45C2-40AF-BC97-7E67EDA5614A}.Debug|iPhoneSimulator.ActiveCfg = Debug|iPhoneSimulator
		{3EFE7A23-45C2-40AF-BC97-7E67EDA5614A}.Debug|iPhoneSimulator.Build.0 = Debug|iPhoneSimulator
		{3EFE7A23-45C2-40AF-BC97-7E67EDA5614A}.Debug|iPhoneSimulator.Deploy.0 = Debug|iPhoneSimulator
		{3EFE7A23-45C2-40AF-BC97-7E67EDA5614A}.QA|Any CPU.ActiveCfg = QA|iPhone
		{3EFE7A23-45C2-40AF-BC97-7E67EDA5614A}.QA|Any CPU.Build.0 = QA|iPhone
		{3EFE7A23-45C2-40AF-BC97-7E67EDA5614A}.QA|iPhone.ActiveCfg = QA|iPhone
		{3EFE7A23-45C2-40AF-BC97-7E67EDA5614A}.QA|iPhone.Build.0 = QA|iPhone
		{3EFE7A23-45C2-40AF-BC97-7E67EDA5614A}.QA|iPhoneSimulator.ActiveCfg = QA|iPhoneSimulator
		{3EFE7A23-45C2-40AF-BC97-7E67EDA5614A}.QA|iPhoneSimulator.Build.0 = QA|iPhoneSimulator
		{3EFE7A23-45C2-40AF-BC97-7E67EDA5614A}.Release|Any CPU.ActiveCfg = Release|iPhone
		{3EFE7A23-45C2-40AF-BC97-7E67EDA5614A}.Release|Any CPU.Build.0 = Release|iPhone
		{3EFE7A23-45C2-40AF-BC97-7E67EDA5614A}.Release|Any CPU.Deploy.0 = Release|iPhone
		{3EFE7A23-45C2-40AF-BC97-7E67EDA5614A}.Release|iPhone.ActiveCfg = Release|iPhone
		{3EFE7A23-45C2-40AF-BC97-7E67EDA5614A}.Release|iPhone.Build.0 = Release|iPhone
		{3EFE7A23-45C2-40AF-BC97-7E67EDA5614A}.Release|iPhone.Deploy.0 = Release|iPhone
		{3EFE7A23-45C2-40AF-BC97-7E67EDA5614A}.Release|iPhoneSimulator.ActiveCfg = Release|iPhoneSimulator
		{3EFE7A23-45C2-40AF-BC97-7E67EDA5614A}.Release|iPhoneSimulator.Build.0 = Release|iPhoneSimulator
		{3EFE7A23-45C2-40AF-BC97-7E67EDA5614A}.Release|iPhoneSimulator.Deploy.0 = Release|iPhoneSimulator
		{B98A315F-FDC2-489E-A8E5-94757CF3DD9F}.Debug|Any CPU.ActiveCfg = Debug|Any CPU
		{B98A315F-FDC2-489E-A8E5-94757CF3DD9F}.Debug|Any CPU.Build.0 = Debug|Any CPU
		{B98A315F-FDC2-489E-A8E5-94757CF3DD9F}.Debug|Any CPU.Deploy.0 = Debug|Any CPU
		{B98A315F-FDC2-489E-A8E5-94757CF3DD9F}.Debug|iPhone.ActiveCfg = Debug|Any CPU
		{B98A315F-FDC2-489E-A8E5-94757CF3DD9F}.Debug|iPhone.Build.0 = Debug|Any CPU
		{B98A315F-FDC2-489E-A8E5-94757CF3DD9F}.Debug|iPhone.Deploy.0 = Debug|Any CPU
		{B98A315F-FDC2-489E-A8E5-94757CF3DD9F}.Debug|iPhoneSimulator.ActiveCfg = Debug|Any CPU
		{B98A315F-FDC2-489E-A8E5-94757CF3DD9F}.Debug|iPhoneSimulator.Build.0 = Debug|Any CPU
		{B98A315F-FDC2-489E-A8E5-94757CF3DD9F}.Debug|iPhoneSimulator.Deploy.0 = Debug|Any CPU
		{B98A315F-FDC2-489E-A8E5-94757CF3DD9F}.QA|Any CPU.ActiveCfg = QA|Any CPU
		{B98A315F-FDC2-489E-A8E5-94757CF3DD9F}.QA|Any CPU.Build.0 = QA|Any CPU
		{B98A315F-FDC2-489E-A8E5-94757CF3DD9F}.QA|iPhone.ActiveCfg = QA|Any CPU
		{B98A315F-FDC2-489E-A8E5-94757CF3DD9F}.QA|iPhone.Build.0 = QA|Any CPU
		{B98A315F-FDC2-489E-A8E5-94757CF3DD9F}.QA|iPhoneSimulator.ActiveCfg = QA|Any CPU
		{B98A315F-FDC2-489E-A8E5-94757CF3DD9F}.QA|iPhoneSimulator.Build.0 = QA|Any CPU
		{B98A315F-FDC2-489E-A8E5-94757CF3DD9F}.Release|Any CPU.ActiveCfg = Release|Any CPU
		{B98A315F-FDC2-489E-A8E5-94757CF3DD9F}.Release|Any CPU.Build.0 = Release|Any CPU
		{B98A315F-FDC2-489E-A8E5-94757CF3DD9F}.Release|Any CPU.Deploy.0 = Release|Any CPU
		{B98A315F-FDC2-489E-A8E5-94757CF3DD9F}.Release|iPhone.ActiveCfg = Release|Any CPU
		{B98A315F-FDC2-489E-A8E5-94757CF3DD9F}.Release|iPhone.Build.0 = Release|Any CPU
		{B98A315F-FDC2-489E-A8E5-94757CF3DD9F}.Release|iPhone.Deploy.0 = Release|Any CPU
		{B98A315F-FDC2-489E-A8E5-94757CF3DD9F}.Release|iPhoneSimulator.ActiveCfg = Release|Any CPU
		{B98A315F-FDC2-489E-A8E5-94757CF3DD9F}.Release|iPhoneSimulator.Build.0 = Release|Any CPU
		{B98A315F-FDC2-489E-A8E5-94757CF3DD9F}.Release|iPhoneSimulator.Deploy.0 = Release|Any CPU
		{F3965B14-5A93-4AE9-B60F-85336637D031}.Debug|Any CPU.ActiveCfg = Debug|Any CPU
		{F3965B14-5A93-4AE9-B60F-85336637D031}.Debug|Any CPU.Build.0 = Debug|Any CPU
		{F3965B14-5A93-4AE9-B60F-85336637D031}.Debug|iPhone.ActiveCfg = Debug|Any CPU
		{F3965B14-5A93-4AE9-B60F-85336637D031}.Debug|iPhone.Build.0 = Debug|Any CPU
		{F3965B14-5A93-4AE9-B60F-85336637D031}.Debug|iPhoneSimulator.ActiveCfg = Debug|Any CPU
		{F3965B14-5A93-4AE9-B60F-85336637D031}.Debug|iPhoneSimulator.Build.0 = Debug|Any CPU
		{F3965B14-5A93-4AE9-B60F-85336637D031}.QA|Any CPU.ActiveCfg = Debug|Any CPU
		{F3965B14-5A93-4AE9-B60F-85336637D031}.QA|Any CPU.Build.0 = Debug|Any CPU
		{F3965B14-5A93-4AE9-B60F-85336637D031}.QA|iPhone.ActiveCfg = Debug|Any CPU
		{F3965B14-5A93-4AE9-B60F-85336637D031}.QA|iPhone.Build.0 = Debug|Any CPU
		{F3965B14-5A93-4AE9-B60F-85336637D031}.QA|iPhoneSimulator.ActiveCfg = Debug|Any CPU
		{F3965B14-5A93-4AE9-B60F-85336637D031}.QA|iPhoneSimulator.Build.0 = Debug|Any CPU
		{F3965B14-5A93-4AE9-B60F-85336637D031}.Release|Any CPU.ActiveCfg = Release|Any CPU
		{F3965B14-5A93-4AE9-B60F-85336637D031}.Release|Any CPU.Build.0 = Release|Any CPU
		{F3965B14-5A93-4AE9-B60F-85336637D031}.Release|iPhone.ActiveCfg = Release|Any CPU
		{F3965B14-5A93-4AE9-B60F-85336637D031}.Release|iPhone.Build.0 = Release|Any CPU
		{F3965B14-5A93-4AE9-B60F-85336637D031}.Release|iPhoneSimulator.ActiveCfg = Release|Any CPU
		{F3965B14-5A93-4AE9-B60F-85336637D031}.Release|iPhoneSimulator.Build.0 = Release|Any CPU
	EndGlobalSection
	GlobalSection(SolutionProperties) = preSolution
		HideSolutionNode = FALSE
	EndGlobalSection
	GlobalSection(ExtensibilityGlobals) = postSolution
		SolutionGuid = {B2EEED33-45C5-4F97-9842-E7E83C7BD80A}
	EndGlobalSection
	GlobalSection(MonoDevelopProperties) = preSolution
		Policies = $0
		$0.DotNetNamingPolicy = $1
		$1.DirectoryNamespaceAssociation = PrefixedHierarchical
		$0.StandardHeader = $2
		$0.VersionControlPolicy = $3
	EndGlobalSection
	GlobalSection(NestedProjects) = preSolution
		{4659C30D-5363-4744-B253-3C3A9BFEBA67} = {5AE06A88-6214-44F7-970C-B5B4404CB87B}
		{06FD60A8-2315-48F4-9154-8DA6AA373ACF} = {5AE06A88-6214-44F7-970C-B5B4404CB87B}
		{BD6B06B3-B9B4-46F4-8529-0E8E04958510} = {5AE06A88-6214-44F7-970C-B5B4404CB87B}
		{82D4A856-7D3D-492D-97CA-339FE2A99F43} = {5AE06A88-6214-44F7-970C-B5B4404CB87B}
		{FFF0B010-D58B-4338-BBBD-349C36667821} = {BD6B06B3-B9B4-46F4-8529-0E8E04958510}
		{B98A315F-FDC2-489E-A8E5-94757CF3DD9F} = {FFF0B010-D58B-4338-BBBD-349C36667821}
		{F3965B14-5A93-4AE9-B60F-85336637D031} = {82D4A856-7D3D-492D-97CA-339FE2A99F43}
	EndGlobalSection
EndGlobal
