
Microsoft Visual Studio Solution File, Format Version 12.00
# Visual Studio Version 17
VisualStudioVersion = 17.5.002.0
MinimumVisualStudioVersion = 10.0.40219.1
Project("{9A19103F-16F7-4668-BE54-9A1E7A4F7556}") = "Shared", "Shared.csproj", "{9A90E728-5014-4807-82D5-D494AD9E93DF}"
EndProject
Global
	GlobalSection(SolutionConfigurationPlatforms) = preSolution
		Debug|Any CPU = Debug|Any CPU
		Release|Any CPU = Release|Any CPU
	EndGlobalSection
	GlobalSection(ProjectConfigurationPlatforms) = postSolution
		{9A90E728-5014-4807-82D5-D494AD9E93DF}.Debug|Any CPU.ActiveCfg = Debug|Any CPU
		{9A90E728-5014-4807-82D5-D494AD9E93DF}.Debug|Any CPU.Build.0 = Debug|Any CPU
		{9A90E728-5014-4807-82D5-D494AD9E93DF}.Release|Any CPU.ActiveCfg = Release|Any CPU
		{9A90E728-5014-4807-82D5-D494AD9E93DF}.Release|Any CPU.Build.0 = Release|Any CPU
	EndGlobalSection
	GlobalSection(SolutionProperties) = preSolution
		HideSolutionNode = FALSE
	EndGlobalSection
	GlobalSection(ExtensibilityGlobals) = postSolution
		SolutionGuid = {DBBF947D-9DBC-4C58-BAE3-8EBDA1AA1091}
	EndGlobalSection
EndGlobal
